<?xml version="1.0" encoding="utf-8"?>
<Project ToolsVersion="4.0" xmlns="http://schemas.microsoft.com/developer/msbuild/2003">
  <ItemGroup>
    <Filter Include="Quelldateien">
      <UniqueIdentifier>{4FC737F1-C7A5-4376-A066-2A32D752A2FF}</UniqueIdentifier>
      <Extensions>cpp;c;cc;cxx;def;odl;idl;hpj;bat;asm;asmx</Extensions>
    </Filter>
    <Filter Include="Headerdateien">
      <UniqueIdentifier>{93995380-89BD-4b04-88EB-625FBE52EBFB}</UniqueIdentifier>
      <Extensions>h;hpp;hxx;hm;inl;inc;xsd</Extensions>
    </Filter>
    <Filter Include="Ressourcendateien">
      <UniqueIdentifier>{67DA6AB6-F800-4c08-8B7A-83BB121AAD01}</UniqueIdentifier>
      <Extensions>rc;ico;cur;bmp;dlg;rc2;rct;bin;rgs;gif;jpg;jpeg;jpe;resx;tiff;tif;png;wav;mfcribbon-ms</Extensions>
    </Filter>
    <Filter Include="Quelldateien\base">
      <UniqueIdentifier>{b0b2b527-df25-4d7f-8bee-c04e9094c414}</UniqueIdentifier>
    </Filter>
    <Filter Include="Quelldateien\help">
      <UniqueIdentifier>{2f4aa527-5bf9-40d9-bc99-b50d1f413b14}</UniqueIdentifier>
    </Filter>
    <Filter Include="Headerdateien\base">
      <UniqueIdentifier>{1275fdd1-dce2-4c26-87fb-446e29bb08a3}</UniqueIdentifier>
    </Filter>
    <Filter Include="Headerdateien\help">
      <UniqueIdentifier>{131536b3-c14f-4a3a-977e-6cfbfc06a301}</UniqueIdentifier>
    </Filter>
    <Filter Include="Headerdateien\obj">
      <UniqueIdentifier>{c3dc5ed0-c2e6-4b2a-9225-e3f06a17906b}</UniqueIdentifier>
    </Filter>
    <Filter Include="Quelldateien\obj">
      <UniqueIdentifier>{8e9e1db7-4144-462a-bb4b-077bb72fac0f}</UniqueIdentifier>
    </Filter>
    <Filter Include="Headerdateien\math">
      <UniqueIdentifier>{12f4d42e-98e7-43a3-b707-1a618d5e3644}</UniqueIdentifier>
    </Filter>
    <Filter Include="Quelldateien\math">
      <UniqueIdentifier>{327cd26a-8164-4782-93d7-01f67b606800}</UniqueIdentifier>
    </Filter>
    <Filter Include="Headerdateien\msh">
      <UniqueIdentifier>{50474270-9834-4893-b484-7bd1bbb94072}</UniqueIdentifier>
    </Filter>
    <Filter Include="Quelldateien\msh">
      <UniqueIdentifier>{ffc26efe-a975-4519-bba8-f12f6b0f6230}</UniqueIdentifier>
    </Filter>
  </ItemGroup>
  <ItemGroup>
    <ClCompile Include="src\gbLog.cpp">
      <Filter>Quelldateien\help</Filter>
    </ClCompile>
    <ClCompile Include="src\gbOpenGL.cpp">
      <Filter>Quelldateien\base</Filter>
    </ClCompile>
    <ClCompile Include="src\gooseberry.cpp">
      <Filter>Quelldateien\base</Filter>
    </ClCompile>
    <ClCompile Include="src\gbObj.cpp">
      <Filter>Quelldateien\obj</Filter>
    </ClCompile>
    <ClCompile Include="src\gbVector3d.cpp">
      <Filter>Quelldateien\math</Filter>
    </ClCompile>
    <ClCompile Include="src\gbColor.cpp">
      <Filter>Quelldateien\help</Filter>
    </ClCompile>
    <ClCompile Include="src\gbMatrix.cpp">
      <Filter>Quelldateien\math</Filter>
    </ClCompile>
    <ClCompile Include="src\gbVector2d.cpp">
      <Filter>Quelldateien\math</Filter>
    </ClCompile>
    <ClCompile Include="src\gbMsh.cpp">
      <Filter>Quelldateien\msh</Filter>
    </ClCompile>
    <ClCompile Include="src\gbMshLoader.cpp">
      <Filter>Quelldateien\msh</Filter>
    </ClCompile>
    <ClCompile Include="src\gbMshQueue.cpp">
      <Filter>Quelldateien\msh</Filter>
    </ClCompile>
    <ClCompile Include="src\gbTex.cpp">
      <Filter>Quelldateien\msh</Filter>
    </ClCompile>
  </ItemGroup>
  <ItemGroup>
    <ClInclude Include="inc\gbDefines.h">
      <Filter>Headerdateien\help</Filter>
    </ClInclude>
    <ClInclude Include="inc\gbErrors.h">
      <Filter>Headerdateien\help</Filter>
    </ClInclude>
    <ClInclude Include="inc\gbException.h">
      <Filter>Headerdateien\help</Filter>
    </ClInclude>
    <ClInclude Include="inc\gbLog.h">
      <Filter>Headerdateien\help</Filter>
    </ClInclude>
    <ClInclude Include="inc\gbOpenGL.h">
      <Filter>Headerdateien\base</Filter>
    </ClInclude>
    <ClInclude Include="inc\gooseberry.h">
      <Filter>Headerdateien\base</Filter>
    </ClInclude>
    <ClInclude Include="inc\gbArray.h">
      <Filter>Headerdateien\help</Filter>
    </ClInclude>
    <ClInclude Include="inc\gbConvert.h">
      <Filter>Headerdateien\help</Filter>
    </ClInclude>
    <ClInclude Include="inc\gbObj.h">
      <Filter>Headerdateien\obj</Filter>
    </ClInclude>
    <ClInclude Include="inc\gbVector3d.h">
      <Filter>Headerdateien\math</Filter>
    </ClInclude>
    <ClInclude Include="inc\gbVector2d.h">
      <Filter>Headerdateien\math</Filter>
    </ClInclude>
    <ClInclude Include="inc\gbColor.h">
      <Filter>Headerdateien\help</Filter>
    </ClInclude>
    <ClInclude Include="inc\gbMatrix.h">
      <Filter>Headerdateien\math</Filter>
    </ClInclude>
    <ClInclude Include="inc\gbMsh.h">
      <Filter>Headerdateien\msh</Filter>
    </ClInclude>
    <ClInclude Include="inc\gbMshLoader.h">
      <Filter>Headerdateien\msh</Filter>
    </ClInclude>
    <ClInclude Include="inc\gbMshQueue.h">
      <Filter>Headerdateien\msh</Filter>
    </ClInclude>
    <ClInclude Include="inc\gbTex.h">
      <Filter>Headerdateien\msh</Filter>
    </ClInclude>
    <ClInclude Include="inc\gbMat.h">
      <Filter>Headerdateien\msh</Filter>
    </ClInclude>
    <ClInclude Include="inc\gbQueue.h">
      <Filter>Headerdateien\help</Filter>
    </ClInclude>
  </ItemGroup>
</Project>