<?xml version="1.0" encoding="utf-8"?>
<Project ToolsVersion="4.0" xmlns="http://schemas.microsoft.com/developer/msbuild/2003">
  <ItemGroup>
    <Filter Include="Quelldateien">
      <UniqueIdentifier>{4FC737F1-C7A5-4376-A066-2A32D752A2FF}</UniqueIdentifier>
      <Extensions>cpp;c;cc;cxx;def;odl;idl;hpj;bat;asm;asmx</Extensions>
    </Filter>
    <Filter Include="Headerdateien">
      <UniqueIdentifier>{93995380-89BD-4b04-88EB-625FBE52EBFB}</UniqueIdentifier>
      <Extensions>h;hpp;hxx;hm;inl;inc;xsd</Extensions>
    </Filter>
    <Filter Include="Ressourcendateien">
      <UniqueIdentifier>{67DA6AB6-F800-4c08-8B7A-83BB121AAD01}</UniqueIdentifier>
      <Extensions>rc;ico;cur;bmp;dlg;rc2;rct;bin;rgs;gif;jpg;jpeg;jpe;resx;tiff;tif;png;wav;mfcribbon-ms</Extensions>
    </Filter>
    <Filter Include="Quelldateien\base">
      <UniqueIdentifier>{b0b2b527-df25-4d7f-8bee-c04e9094c414}</UniqueIdentifier>
    </Filter>
    <Filter Include="Quelldateien\help">
      <UniqueIdentifier>{2f4aa527-5bf9-40d9-bc99-b50d1f413b14}</UniqueIdentifier>
    </Filter>
    <Filter Include="Quelldateien\img">
      <UniqueIdentifier>{1ce8b6ba-c91f-4a6a-b31d-4f9202bb5829}</UniqueIdentifier>
    </Filter>
    <Filter Include="Quelldateien\mdl">
      <UniqueIdentifier>{ffc26efe-a975-4519-bba8-f12f6b0f6230}</UniqueIdentifier>
    </Filter>
    <Filter Include="Headerdateien\base">
      <UniqueIdentifier>{1275fdd1-dce2-4c26-87fb-446e29bb08a3}</UniqueIdentifier>
    </Filter>
    <Filter Include="Headerdateien\help">
      <UniqueIdentifier>{131536b3-c14f-4a3a-977e-6cfbfc06a301}</UniqueIdentifier>
    </Filter>
    <Filter Include="Headerdateien\img">
      <UniqueIdentifier>{95c83101-0ab3-438d-b1fe-53d4f9816093}</UniqueIdentifier>
    </Filter>
    <Filter Include="Headerdateien\mdl">
      <UniqueIdentifier>{50474270-9834-4893-b484-7bd1bbb94072}</UniqueIdentifier>
    </Filter>
  </ItemGroup>
  <ItemGroup>
    <ClCompile Include="src\gbException.cpp">
      <Filter>Quelldateien\help</Filter>
    </ClCompile>
    <ClCompile Include="src\gbLog.cpp">
      <Filter>Quelldateien\help</Filter>
    </ClCompile>
    <ClCompile Include="src\gbOpenGL.cpp">
      <Filter>Quelldateien\base</Filter>
    </ClCompile>
    <ClCompile Include="src\gooseberry.cpp">
      <Filter>Quelldateien\base</Filter>
    </ClCompile>
    <ClCompile Include="src\gbMdl.cpp">
      <Filter>Quelldateien\mdl</Filter>
    </ClCompile>
    <ClCompile Include="src\gbMdlLoader.cpp">
      <Filter>Quelldateien\mdl</Filter>
    </ClCompile>
    <ClCompile Include="src\gbMdlQueue.cpp">
      <Filter>Quelldateien\mdl</Filter>
    </ClCompile>
  </ItemGroup>
  <ItemGroup>
    <ClInclude Include="inc\gbDefines.h">
      <Filter>Headerdateien\help</Filter>
    </ClInclude>
    <ClInclude Include="inc\gbErrors.h">
      <Filter>Headerdateien\help</Filter>
    </ClInclude>
    <ClInclude Include="inc\gbException.h">
      <Filter>Headerdateien\help</Filter>
    </ClInclude>
    <ClInclude Include="inc\gbLog.h">
      <Filter>Headerdateien\help</Filter>
    </ClInclude>
    <ClInclude Include="inc\gbOpenGL.h">
      <Filter>Headerdateien\base</Filter>
    </ClInclude>
    <ClInclude Include="inc\gooseberry.h">
      <Filter>Headerdateien\base</Filter>
    </ClInclude>
    <ClInclude Include="inc\gbMdl.h">
      <Filter>Headerdateien\mdl</Filter>
    </ClInclude>
    <ClInclude Include="inc\gbMdlLoader.h">
      <Filter>Headerdateien\mdl</Filter>
    </ClInclude>
    <ClInclude Include="inc\gbMdlQueue.h">
      <Filter>Headerdateien\mdl</Filter>
    </ClInclude>
  </ItemGroup>
</Project>